
Microsoft Visual Studio Solution File, Format Version 12.00
# Visual Studio Version 17
VisualStudioVersion = 17.6.33829.357
MinimumVisualStudioVersion = 10.0.40219.1
Project("{FAE04EC0-301F-11D3-BF4B-00C04F79EFBC}") = "ATM Console App", "ATM Console App\ATM Console App.csproj", "{817F3BB4-8513-486D-9DCF-D052394F37AB}"
EndProject
Global
	GlobalSection(SolutionConfigurationPlatforms) = preSolution
		Debug|Any CPU = Debug|Any CPU
		Release|Any CPU = Release|Any CPU
	EndGlobalSection
	GlobalSection(ProjectConfigurationPlatforms) = postSolution
		{817F3BB4-8513-486D-9DCF-D052394F37AB}.Debug|Any CPU.ActiveCfg = Debug|Any CPU
		{817F3BB4-8513-486D-9DCF-D052394F37AB}.Debug|Any CPU.Build.0 = Debug|Any CPU
		{817F3BB4-8513-486D-9DCF-D052394F37AB}.Release|Any CPU.ActiveCfg = Release|Any CPU
		{817F3BB4-8513-486D-9DCF-D052394F37AB}.Release|Any CPU.Build.0 = Release|Any CPU
	EndGlobalSection
	GlobalSection(SolutionProperties) = preSolution
		HideSolutionNode = FALSE
	EndGlobalSection
	GlobalSection(ExtensibilityGlobals) = postSolution
		SolutionGuid = {A28FE3B0-19CD-46D4-B60D-024858AF341F}
	EndGlobalSection
EndGlobal
